// !$*UTF8*$!
{
	archiveVersion = 1;
	classes = {
	};
	objectVersion = 50;
	objects = {

/* Begin PBXBuildFile section */
		8DFF4A21254731170058C66D /* AppDelegate.swift in Sources */ = {isa = PBXBuildFile; fileRef = 8DFF4A20254731170058C66D /* AppDelegate.swift */; };
		8DFF4A23254731170058C66D /* SceneDelegate.swift in Sources */ = {isa = PBXBuildFile; fileRef = 8DFF4A22254731170058C66D /* SceneDelegate.swift */; };
		8DFF4A25254731170058C66D /* ViewController.swift in Sources */ = {isa = PBXBuildFile; fileRef = 8DFF4A24254731170058C66D /* ViewController.swift */; };
		8DFF4A28254731170058C66D /* Main.storyboard in Resources */ = {isa = PBXBuildFile; fileRef = 8DFF4A26254731170058C66D /* Main.storyboard */; };
		8DFF4A2A2547311B0058C66D /* Assets.xcassets in Resources */ = {isa = PBXBuildFile; fileRef = 8DFF4A292547311B0058C66D /* Assets.xcassets */; };
		8DFF4A2D2547311B0058C66D /* LaunchScreen.storyboard in Resources */ = {isa = PBXBuildFile; fileRef = 8DFF4A2B2547311B0058C66D /* LaunchScreen.storyboard */; };
		8DFF4A382547311B0058C66D /* ScanAndTranslateTests.swift in Sources */ = {isa = PBXBuildFile; fileRef = 8DFF4A372547311B0058C66D /* ScanAndTranslateTests.swift */; };
/* End PBXBuildFile section */

/* Begin PBXContainerItemProxy section */
		8DFF4A342547311B0058C66D /* PBXContainerItemProxy */ = {
			isa = PBXContainerItemProxy;
			containerPortal = 8DFF4A15254731160058C66D /* Project object */;
			proxyType = 1;
			remoteGlobalIDString = 8DFF4A1C254731160058C66D;
			remoteInfo = ScanAndTranslate;
		};
/* End PBXContainerItemProxy section */

/* Begin PBXFileReference section */
		8DFF4A1D254731160058C66D /* ScanAndTranslate.app */ = {isa = PBXFileReference; explicitFileType = wrapper.application; includeInIndex = 0; path = ScanAndTranslate.app; sourceTree = BUILT_PRODUCTS_DIR; };
		8DFF4A20254731170058C66D /* AppDelegate.swift */ = {isa = PBXFileReference; lastKnownFileType = sourcecode.swift; path = AppDelegate.swift; sourceTree = "<group>"; };
		8DFF4A22254731170058C66D /* SceneDelegate.swift */ = {isa = PBXFileReference; lastKnownFileType = sourcecode.swift; path = SceneDelegate.swift; sourceTree = "<group>"; };
		8DFF4A24254731170058C66D /* ViewController.swift */ = {isa = PBXFileReference; lastKnownFileType = sourcecode.swift; path = ViewController.swift; sourceTree = "<group>"; };
		8DFF4A27254731170058C66D /* Base */ = {isa = PBXFileReference; lastKnownFileType = file.storyboard; name = Base; path = Base.lproj/Main.storyboard; sourceTree = "<group>"; };
		8DFF4A292547311B0058C66D /* Assets.xcassets */ = {isa = PBXFileReference; lastKnownFileType = folder.assetcatalog; path = Assets.xcassets; sourceTree = "<group>"; };
		8DFF4A2C2547311B0058C66D /* Base */ = {isa = PBXFileReference; lastKnownFileType = file.storyboard; name = Base; path = Base.lproj/LaunchScreen.storyboard; sourceTree = "<group>"; };
		8DFF4A2E2547311B0058C66D /* Info.plist */ = {isa = PBXFileReference; lastKnownFileType = text.plist.xml; path = Info.plist; sourceTree = "<group>"; };
		8DFF4A332547311B0058C66D /* ScanAndTranslateTests.xctest */ = {isa = PBXFileReference; explicitFileType = wrapper.cfbundle; includeInIndex = 0; path = ScanAndTranslateTests.xctest; sourceTree = BUILT_PRODUCTS_DIR; };
		8DFF4A372547311B0058C66D /* ScanAndTranslateTests.swift */ = {isa = PBXFileReference; lastKnownFileType = sourcecode.swift; path = ScanAndTranslateTests.swift; sourceTree = "<group>"; };
		8DFF4A392547311B0058C66D /* Info.plist */ = {isa = PBXFileReference; lastKnownFileType = text.plist.xml; path = Info.plist; sourceTree = "<group>"; };
/* End PBXFileReference section */

/* Begin PBXFrameworksBuildPhase section */
		8DFF4A1A254731160058C66D /* Frameworks */ = {
			isa = PBXFrameworksBuildPhase;
			buildActionMask = 2147483647;
			files = (
			);
			runOnlyForDeploymentPostprocessing = 0;
		};
		8DFF4A302547311B0058C66D /* Frameworks */ = {
			isa = PBXFrameworksBuildPhase;
			buildActionMask = 2147483647;
			files = (
			);
			runOnlyForDeploymentPostprocessing = 0;
		};
/* End PBXFrameworksBuildPhase section */

/* Begin PBXGroup section */
		8DFF4A14254731160058C66D = {
			isa = PBXGroup;
			children = (
				8DFF4A1F254731160058C66D /* ScanAndTranslate */,
				8DFF4A362547311B0058C66D /* ScanAndTranslateTests */,
				8DFF4A1E254731160058C66D /* Products */,
			);
			sourceTree = "<group>";
		};
		8DFF4A1E254731160058C66D /* Products */ = {
			isa = PBXGroup;
			children = (
				8DFF4A1D254731160058C66D /* ScanAndTranslate.app */,
				8DFF4A332547311B0058C66D /* ScanAndTranslateTests.xctest */,
			);
			name = Products;
			sourceTree = "<group>";
		};
		8DFF4A1F254731160058C66D /* ScanAndTranslate */ = {
			isa = PBXGroup;
			children = (
				8DFF4A20254731170058C66D /* AppDelegate.swift */,
				8DFF4A22254731170058C66D /* SceneDelegate.swift */,
				8DFF4A24254731170058C66D /* ViewController.swift */,
				8DFF4A26254731170058C66D /* Main.storyboard */,
				8DFF4A292547311B0058C66D /* Assets.xcassets */,
				8DFF4A2B2547311B0058C66D /* LaunchScreen.storyboard */,
				8DFF4A2E2547311B0058C66D /* Info.plist */,
			);
			path = ScanAndTranslate;
			sourceTree = "<group>";
		};
		8DFF4A362547311B0058C66D /* ScanAndTranslateTests */ = {
			isa = PBXGroup;
			children = (
				8DFF4A372547311B0058C66D /* ScanAndTranslateTests.swift */,
				8DFF4A392547311B0058C66D /* Info.plist */,
			);
			path = ScanAndTranslateTests;
			sourceTree = "<group>";
		};
/* End PBXGroup section */

/* Begin PBXNativeTarget section */
		8DFF4A1C254731160058C66D /* ScanAndTranslate */ = {
			isa = PBXNativeTarget;
			buildConfigurationList = 8DFF4A3C2547311B0058C66D /* Build configuration list for PBXNativeTarget "ScanAndTranslate" */;
			buildPhases = (
				8DFF4A19254731160058C66D /* Sources */,
				8DFF4A1A254731160058C66D /* Frameworks */,
				8DFF4A1B254731160058C66D /* Resources */,
			);
			buildRules = (
			);
			dependencies = (
			);
			name = ScanAndTranslate;
			productName = ScanAndTranslate;
			productReference = 8DFF4A1D254731160058C66D /* ScanAndTranslate.app */;
			productType = "com.apple.product-type.application";
		};
		8DFF4A322547311B0058C66D /* ScanAndTranslateTests */ = {
			isa = PBXNativeTarget;
			buildConfigurationList = 8DFF4A3F2547311B0058C66D /* Build configuration list for PBXNativeTarget "ScanAndTranslateTests" */;
			buildPhases = (
				8DFF4A2F2547311B0058C66D /* Sources */,
				8DFF4A302547311B0058C66D /* Frameworks */,
				8DFF4A312547311B0058C66D /* Resources */,
			);
			buildRules = (
			);
			dependencies = (
				8DFF4A352547311B0058C66D /* PBXTargetDependency */,
			);
			name = ScanAndTranslateTests;
			productName = ScanAndTranslateTests;
			productReference = 8DFF4A332547311B0058C66D /* ScanAndTranslateTests.xctest */;
			productType = "com.apple.product-type.bundle.unit-test";
		};
/* End PBXNativeTarget section */

/* Begin PBXProject section */
		8DFF4A15254731160058C66D /* Project object */ = {
			isa = PBXProject;
			attributes = {
				LastSwiftUpdateCheck = 1150;
				LastUpgradeCheck = 1150;
				ORGANIZATIONNAME = "Luba Kaper";
				TargetAttributes = {
					8DFF4A1C254731160058C66D = {
						CreatedOnToolsVersion = 11.5;
					};
					8DFF4A322547311B0058C66D = {
						CreatedOnToolsVersion = 11.5;
						TestTargetID = 8DFF4A1C254731160058C66D;
					};
				};
			};
			buildConfigurationList = 8DFF4A18254731160058C66D /* Build configuration list for PBXProject "ScanAndTranslate" */;
			compatibilityVersion = "Xcode 9.3";
			developmentRegion = en;
			hasScannedForEncodings = 0;
			knownRegions = (
				en,
				Base,
			);
			mainGroup = 8DFF4A14254731160058C66D;
			productRefGroup = 8DFF4A1E254731160058C66D /* Products */;
			projectDirPath = "";
			projectRoot = "";
			targets = (
				8DFF4A1C254731160058C66D /* ScanAndTranslate */,
				8DFF4A322547311B0058C66D /* ScanAndTranslateTests */,
			);
		};
/* End PBXProject section */

/* Begin PBXResourcesBuildPhase section */
		8DFF4A1B254731160058C66D /* Resources */ = {
			isa = PBXResourcesBuildPhase;
			buildActionMask = 2147483647;
			files = (
				8DFF4A2D2547311B0058C66D /* LaunchScreen.storyboard in Resources */,
				8DFF4A2A2547311B0058C66D /* Assets.xcassets in Resources */,
				8DFF4A28254731170058C66D /* Main.storyboard in Resources */,
			);
			runOnlyForDeploymentPostprocessing = 0;
		};
		8DFF4A312547311B0058C66D /* Resources */ = {
			isa = PBXResourcesBuildPhase;
			buildActionMask = 2147483647;
			files = (
			);
			runOnlyForDeploymentPostprocessing = 0;
		};
/* End PBXResourcesBuildPhase section */

/* Begin PBXSourcesBuildPhase section */
		8DFF4A19254731160058C66D /* Sources */ = {
			isa = PBXSourcesBuildPhase;
			buildActionMask = 2147483647;
			files = (
				8DFF4A25254731170058C66D /* ViewController.swift in Sources */,
				8DFF4A21254731170058C66D /* AppDelegate.swift in Sources */,
				8DFF4A23254731170058C66D /* SceneDelegate.swift in Sources */,
			);
			runOnlyForDeploymentPostprocessing = 0;
		};
		8DFF4A2F2547311B0058C66D /* Sources */ = {
			isa = PBXSourcesBuildPhase;
			buildActionMask = 2147483647;
			files = (
				8DFF4A382547311B0058C66D /* ScanAndTranslateTests.swift in Sources */,
			);
			runOnlyForDeploymentPostprocessing = 0;
		};
/* End PBXSourcesBuildPhase section */

/* Begin PBXTargetDependency section */
		8DFF4A352547311B0058C66D /* PBXTargetDependency */ = {
			isa = PBXTargetDependency;
			target = 8DFF4A1C254731160058C66D /* ScanAndTranslate */;
			targetProxy = 8DFF4A342547311B0058C66D /* PBXContainerItemProxy */;
		};
/* End PBXTargetDependency section */

/* Begin PBXVariantGroup section */
		8DFF4A26254731170058C66D /* Main.storyboard */ = {
			isa = PBXVariantGroup;
			children = (
				8DFF4A27254731170058C66D /* Base */,
			);
			name = Main.storyboard;
			sourceTree = "<group>";
		};
		8DFF4A2B2547311B0058C66D /* LaunchScreen.storyboard */ = {
			isa = PBXVariantGroup;
			children = (
				8DFF4A2C2547311B0058C66D /* Base */,
			);
			name = LaunchScreen.storyboard;
			sourceTree = "<group>";
		};
/* End PBXVariantGroup section */

/* Begin XCBuildConfiguration section */
		8DFF4A3A2547311B0058C66D /* Debug */ = {
			isa = XCBuildConfiguration;
			buildSettings = {
				ALWAYS_SEARCH_USER_PATHS = NO;
				CLANG_ANALYZER_NONNULL = YES;
				CLANG_ANALYZER_NUMBER_OBJECT_CONVERSION = YES_AGGRESSIVE;
				CLANG_CXX_LANGUAGE_STANDARD = "gnu++14";
				CLANG_CXX_LIBRARY = "libc++";
				CLANG_ENABLE_MODULES = YES;
				CLANG_ENABLE_OBJC_ARC = YES;
				CLANG_ENABLE_OBJC_WEAK = YES;
				CLANG_WARN_BLOCK_CAPTURE_AUTORELEASING = YES;
				CLANG_WARN_BOOL_CONVERSION = YES;
				CLANG_WARN_COMMA = YES;
				CLANG_WARN_CONSTANT_CONVERSION = YES;
				CLANG_WARN_DEPRECATED_OBJC_IMPLEMENTATIONS = YES;
				CLANG_WARN_DIRECT_OBJC_ISA_USAGE = YES_ERROR;
				CLANG_WARN_DOCUMENTATION_COMMENTS = YES;
				CLANG_WARN_EMPTY_BODY = YES;
				CLANG_WARN_ENUM_CONVERSION = YES;
				CLANG_WARN_INFINITE_RECURSION = YES;
				CLANG_WARN_INT_CONVERSION = YES;
				CLANG_WARN_NON_LITERAL_NULL_CONVERSION = YES;
				CLANG_WARN_OBJC_IMPLICIT_RETAIN_SELF = YES;
				CLANG_WARN_OBJC_LITERAL_CONVERSION = YES;
				CLANG_WARN_OBJC_ROOT_CLASS = YES_ERROR;
				CLANG_WARN_RANGE_LOOP_ANALYSIS = YES;
				CLANG_WARN_STRICT_PROTOTYPES = YES;
				CLANG_WARN_SUSPICIOUS_MOVE = YES;
				CLANG_WARN_UNGUARDED_AVAILABILITY = YES_AGGRESSIVE;
				CLANG_WARN_UNREACHABLE_CODE = YES;
				CLANG_WARN__DUPLICATE_METHOD_MATCH = YES;
				COPY_PHASE_STRIP = NO;
				DEBUG_INFORMATION_FORMAT = dwarf;
				ENABLE_STRICT_OBJC_MSGSEND = YES;
				ENABLE_TESTABILITY = YES;
				GCC_C_LANGUAGE_STANDARD = gnu11;
				GCC_DYNAMIC_NO_PIC = NO;
				GCC_NO_COMMON_BLOCKS = YES;
				GCC_OPTIMIZATION_LEVEL = 0;
				GCC_PREPROCESSOR_DEFINITIONS = (
					"DEBUG=1",
					"$(inherited)",
				);
				GCC_WARN_64_TO_32_BIT_CONVERSION = YES;
				GCC_WARN_ABOUT_RETURN_TYPE = YES_ERROR;
				GCC_WARN_UNDECLARED_SELECTOR = YES;
				GCC_WARN_UNINITIALIZED_AUTOS = YES_AGGRESSIVE;
				GCC_WARN_UNUSED_FUNCTION = YES;
				GCC_WARN_UNUSED_VARIABLE = YES;
				IPHONEOS_DEPLOYMENT_TARGET = 13.5;
				MTL_ENABLE_DEBUG_INFO = INCLUDE_SOURCE;
				MTL_FAST_MATH = YES;
				ONLY_ACTIVE_ARCH = YES;
				SDKROOT = iphoneos;
				SWIFT_ACTIVE_COMPILATION_CONDITIONS = DEBUG;
				SWIFT_OPTIMIZATION_LEVEL = "-Onone";
			};
			name = Debug;
		};
		8DFF4A3B2547311B0058C66D /* Release */ = {
			isa = XCBuildConfiguration;
			buildSettings = {
				ALWAYS_SEARCH_USER_PATHS = NO;
				CLANG_ANALYZER_NONNULL = YES;
				CLANG_ANALYZER_NUMBER_OBJECT_CONVERSION = YES_AGGRESSIVE;
				CLANG_CXX_LANGUAGE_STANDARD = "gnu++14";
				CLANG_CXX_LIBRARY = "libc++";
				CLANG_ENABLE_MODULES = YES;
				CLANG_ENABLE_OBJC_ARC = YES;
				CLANG_ENABLE_OBJC_WEAK = YES;
				CLANG_WARN_BLOCK_CAPTURE_AUTORELEASING = YES;
				CLANG_WARN_BOOL_CONVERSION = YES;
				CLANG_WARN_COMMA = YES;
				CLANG_WARN_CONSTANT_CONVERSION = YES;
				CLANG_WARN_DEPRECATED_OBJC_IMPLEMENTATIONS = YES;
				CLANG_WARN_DIRECT_OBJC_ISA_USAGE = YES_ERROR;
				CLANG_WARN_DOCUMENTATION_COMMENTS = YES;
				CLANG_WARN_EMPTY_BODY = YES;
				CLANG_WARN_ENUM_CONVERSION = YES;
				CLANG_WARN_INFINITE_RECURSION = YES;
				CLANG_WARN_INT_CONVERSION = YES;
				CLANG_WARN_NON_LITERAL_NULL_CONVERSION = YES;
				CLANG_WARN_OBJC_IMPLICIT_RETAIN_SELF = YES;
				CLANG_WARN_OBJC_LITERAL_CONVERSION = YES;
				CLANG_WARN_OBJC_ROOT_CLASS = YES_ERROR;
				CLANG_WARN_RANGE_LOOP_ANALYSIS = YES;
				CLANG_WARN_STRICT_PROTOTYPES = YES;
				CLANG_WARN_SUSPICIOUS_MOVE = YES;
				CLANG_WARN_UNGUARDED_AVAILABILITY = YES_AGGRESSIVE;
				CLANG_WARN_UNREACHABLE_CODE = YES;
				CLANG_WARN__DUPLICATE_METHOD_MATCH = YES;
				COPY_PHASE_STRIP = NO;
				DEBUG_INFORMATION_FORMAT = "dwarf-with-dsym";
				ENABLE_NS_ASSERTIONS = NO;
				ENABLE_STRICT_OBJC_MSGSEND = YES;
				GCC_C_LANGUAGE_STANDARD = gnu11;
				GCC_NO_COMMON_BLOCKS = YES;
				GCC_WARN_64_TO_32_BIT_CONVERSION = YES;
				GCC_WARN_ABOUT_RETURN_TYPE = YES_ERROR;
				GCC_WARN_UNDECLARED_SELECTOR = YES;
				GCC_WARN_UNINITIALIZED_AUTOS = YES_AGGRESSIVE;
				GCC_WARN_UNUSED_FUNCTION = YES;
				GCC_WARN_UNUSED_VARIABLE = YES;
				IPHONEOS_DEPLOYMENT_TARGET = 13.5;
				MTL_ENABLE_DEBUG_INFO = NO;
				MTL_FAST_MATH = YES;
				SDKROOT = iphoneos;
				SWIFT_COMPILATION_MODE = wholemodule;
				SWIFT_OPTIMIZATION_LEVEL = "-O";
				VALIDATE_PRODUCT = YES;
			};
			name = Release;
		};
		8DFF4A3D2547311B0058C66D /* Debug */ = {
			isa = XCBuildConfiguration;
			buildSettings = {
				ASSETCATALOG_COMPILER_APPICON_NAME = AppIcon;
				CODE_SIGN_STYLE = Automatic;
				DEVELOPMENT_TEAM = CNV924Q9C2;
				INFOPLIST_FILE = ScanAndTranslate/Info.plist;
				LD_RUNPATH_SEARCH_PATHS = (
					"$(inherited)",
					"@executable_path/Frameworks",
				);
				PRODUCT_BUNDLE_IDENTIFIER = com.lubakaper.ScanAndTranslate;
				PRODUCT_NAME = "$(TARGET_NAME)";
				SWIFT_VERSION = 5.0;
				TARGETED_DEVICE_FAMILY = "1,2";
			};
			name = Debug;
		};
		8DFF4A3E2547311B0058C66D /* Release */ = {
			isa = XCBuildConfiguration;
			buildSettings = {
				ASSETCATALOG_COMPILER_APPICON_NAME = AppIcon;
				CODE_SIGN_STYLE = Automatic;
				DEVELOPMENT_TEAM = CNV924Q9C2;
				INFOPLIST_FILE = ScanAndTranslate/Info.plist;
				LD_RUNPATH_SEARCH_PATHS = (
					"$(inherited)",
					"@executable_path/Frameworks",
				);
				PRODUCT_BUNDLE_IDENTIFIER = com.lubakaper.ScanAndTranslate;
				PRODUCT_NAME = "$(TARGET_NAME)";
				SWIFT_VERSION = 5.0;
				TARGETED_DEVICE_FAMILY = "1,2";
			};
			name = Release;
		};
		8DFF4A402547311B0058C66D /* Debug */ = {
			isa = XCBuildConfiguration;
			buildSettings = {
				ALWAYS_EMBED_SWIFT_STANDARD_LIBRARIES = YES;
				BUNDLE_LOADER = "$(TEST_HOST)";
				CODE_SIGN_STYLE = Automatic;
				DEVELOPMENT_TEAM = CNV924Q9C2;
				INFOPLIST_FILE = ScanAndTranslateTests/Info.plist;
				IPHONEOS_DEPLOYMENT_TARGET = 13.5;
				LD_RUNPATH_SEARCH_PATHS = (
					"$(inherited)",
					"@executable_path/Frameworks",
					"@loader_path/Frameworks",
				);
				PRODUCT_BUNDLE_IDENTIFIER = com.lubakaper.ScanAndTranslateTests;
				PRODUCT_NAME = "$(TARGET_NAME)";
				SWIFT_VERSION = 5.0;
				TARGETED_DEVICE_FAMILY = "1,2";
				TEST_HOST = "$(BUILT_PRODUCTS_DIR)/ScanAndTranslate.app/ScanAndTranslate";
			};
			name = Debug;
		};
		8DFF4A412547311B0058C66D /* Release */ = {
			isa = XCBuildConfiguration;
			buildSettings = {
				ALWAYS_EMBED_SWIFT_STANDARD_LIBRARIES = YES;
				BUNDLE_LOADER = "$(TEST_HOST)";
				CODE_SIGN_STYLE = Automatic;
				DEVELOPMENT_TEAM = CNV924Q9C2;
				INFOPLIST_FILE = ScanAndTranslateTests/Info.plist;
				IPHONEOS_DEPLOYMENT_TARGET = 13.5;
				LD_RUNPATH_SEARCH_PATHS = (
					"$(inherited)",
					"@executable_path/Frameworks",
					"@loader_path/Frameworks",
				);
				PRODUCT_BUNDLE_IDENTIFIER = com.lubakaper.ScanAndTranslateTests;
				PRODUCT_NAME = "$(TARGET_NAME)";
				SWIFT_VERSION = 5.0;
				TARGETED_DEVICE_FAMILY = "1,2";
				TEST_HOST = "$(BUILT_PRODUCTS_DIR)/ScanAndTranslate.app/ScanAndTranslate";
			};
			name = Release;
		};
/* End XCBuildConfiguration section */

/* Begin XCConfigurationList section */
		8DFF4A18254731160058C66D /* Build configuration list for PBXProject "ScanAndTranslate" */ = {
			isa = XCConfigurationList;
			buildConfigurations = (
				8DFF4A3A2547311B0058C66D /* Debug */,
				8DFF4A3B2547311B0058C66D /* Release */,
			);
			defaultConfigurationIsVisible = 0;
			defaultConfigurationName = Release;
		};
		8DFF4A3C2547311B0058C66D /* Build configuration list for PBXNativeTarget "ScanAndTranslate" */ = {
			isa = XCConfigurationList;
			buildConfigurations = (
				8DFF4A3D2547311B0058C66D /* Debug */,
				8DFF4A3E2547311B0058C66D /* Release */,
			);
			defaultConfigurationIsVisible = 0;
			defaultConfigurationName = Release;
		};
		8DFF4A3F2547311B0058C66D /* Build configuration list for PBXNativeTarget "ScanAndTranslateTests" */ = {
			isa = XCConfigurationList;
			buildConfigurations = (
				8DFF4A402547311B0058C66D /* Debug */,
				8DFF4A412547311B0058C66D /* Release */,
			);
			defaultConfigurationIsVisible = 0;
			defaultConfigurationName = Release;
		};
/* End XCConfigurationList section */
	};
	rootObject = 8DFF4A15254731160058C66D /* Project object */;
}
